// !$*UTF8*$!
{
	archiveVersion = 1;
	classes = {
	};
	objectVersion = 50;
	objects = {

/* Begin PBXBuildFile section */
		09574D9826572A3400358B02 /* MemorizeApp.swift in Sources */ = {isa = PBXBuildFile; fileRef = 09574D9726572A3400358B02 /* MemorizeApp.swift */; };
		09574D9A26572A3400358B02 /* EmojiMemoryGameView.swift in Sources */ = {isa = PBXBuildFile; fileRef = 09574D9926572A3400358B02 /* EmojiMemoryGameView.swift */; };
		09574D9C26572A3700358B02 /* Assets.xcassets in Resources */ = {isa = PBXBuildFile; fileRef = 09574D9B26572A3700358B02 /* Assets.xcassets */; };
		09574D9F26572A3700358B02 /* Preview Assets.xcassets in Resources */ = {isa = PBXBuildFile; fileRef = 09574D9E26572A3700358B02 /* Preview Assets.xcassets */; };
		09574DAA26572A3700358B02 /* MemorizeTests.swift in Sources */ = {isa = PBXBuildFile; fileRef = 09574DA926572A3700358B02 /* MemorizeTests.swift */; };
		09574DB526572A3700358B02 /* MemorizeUITests.swift in Sources */ = {isa = PBXBuildFile; fileRef = 09574DB426572A3700358B02 /* MemorizeUITests.swift */; };
		09574DC3265C76A100358B02 /* MemoryGame.swift in Sources */ = {isa = PBXBuildFile; fileRef = 09574DC2265C76A100358B02 /* MemoryGame.swift */; };
		09574DC5265C78CA00358B02 /* EmojiMemoryGame.swift in Sources */ = {isa = PBXBuildFile; fileRef = 09574DC4265C78CA00358B02 /* EmojiMemoryGame.swift */; };
		096C564826FF7E050096D858 /* Array+Identifiable.swift in Sources */ = {isa = PBXBuildFile; fileRef = 096C564726FF7E050096D858 /* Array+Identifiable.swift */; };
		096C564A26FF90E60096D858 /* Array+Only.swift in Sources */ = {isa = PBXBuildFile; fileRef = 096C564926FF90E60096D858 /* Array+Only.swift */; };
		096C564C26FFB7260096D858 /* Pie.swift in Sources */ = {isa = PBXBuildFile; fileRef = 096C564B26FFB7260096D858 /* Pie.swift */; };
		096C564E26FFC3950096D858 /* Cardify.swift in Sources */ = {isa = PBXBuildFile; fileRef = 096C564D26FFC3950096D858 /* Cardify.swift */; };
		0973407326F95E0300BBD872 /* Grid.swift in Sources */ = {isa = PBXBuildFile; fileRef = 0973407226F95E0300BBD872 /* Grid.swift */; };
		0973407926F9715100BBD872 /* GridLayout.swift in Sources */ = {isa = PBXBuildFile; fileRef = 0973407826F9715100BBD872 /* GridLayout.swift */; };
/* End PBXBuildFile section */

/* Begin PBXContainerItemProxy section */
		09574DA626572A3700358B02 /* PBXContainerItemProxy */ = {
			isa = PBXContainerItemProxy;
			containerPortal = 09574D8C26572A3400358B02 /* Project object */;
			proxyType = 1;
			remoteGlobalIDString = 09574D9326572A3400358B02;
			remoteInfo = Memorize;
		};
		09574DB126572A3700358B02 /* PBXContainerItemProxy */ = {
			isa = PBXContainerItemProxy;
			containerPortal = 09574D8C26572A3400358B02 /* Project object */;
			proxyType = 1;
			remoteGlobalIDString = 09574D9326572A3400358B02;
			remoteInfo = Memorize;
		};
/* End PBXContainerItemProxy section */

/* Begin PBXFileReference section */
		09574D9426572A3400358B02 /* Memorize.app */ = {isa = PBXFileReference; explicitFileType = wrapper.application; includeInIndex = 0; path = Memorize.app; sourceTree = BUILT_PRODUCTS_DIR; };
		09574D9726572A3400358B02 /* MemorizeApp.swift */ = {isa = PBXFileReference; lastKnownFileType = sourcecode.swift; path = MemorizeApp.swift; sourceTree = "<group>"; };
		09574D9926572A3400358B02 /* EmojiMemoryGameView.swift */ = {isa = PBXFileReference; lastKnownFileType = sourcecode.swift; path = EmojiMemoryGameView.swift; sourceTree = "<group>"; };
		09574D9B26572A3700358B02 /* Assets.xcassets */ = {isa = PBXFileReference; lastKnownFileType = folder.assetcatalog; path = Assets.xcassets; sourceTree = "<group>"; };
		09574D9E26572A3700358B02 /* Preview Assets.xcassets */ = {isa = PBXFileReference; lastKnownFileType = folder.assetcatalog; path = "Preview Assets.xcassets"; sourceTree = "<group>"; };
		09574DA026572A3700358B02 /* Info.plist */ = {isa = PBXFileReference; lastKnownFileType = text.plist.xml; path = Info.plist; sourceTree = "<group>"; };
		09574DA526572A3700358B02 /* MemorizeTests.xctest */ = {isa = PBXFileReference; explicitFileType = wrapper.cfbundle; includeInIndex = 0; path = MemorizeTests.xctest; sourceTree = BUILT_PRODUCTS_DIR; };
		09574DA926572A3700358B02 /* MemorizeTests.swift */ = {isa = PBXFileReference; lastKnownFileType = sourcecode.swift; path = MemorizeTests.swift; sourceTree = "<group>"; };
		09574DAB26572A3700358B02 /* Info.plist */ = {isa = PBXFileReference; lastKnownFileType = text.plist.xml; path = Info.plist; sourceTree = "<group>"; };
		09574DB026572A3700358B02 /* MemorizeUITests.xctest */ = {isa = PBXFileReference; explicitFileType = wrapper.cfbundle; includeInIndex = 0; path = MemorizeUITests.xctest; sourceTree = BUILT_PRODUCTS_DIR; };
		09574DB426572A3700358B02 /* MemorizeUITests.swift */ = {isa = PBXFileReference; lastKnownFileType = sourcecode.swift; path = MemorizeUITests.swift; sourceTree = "<group>"; };
		09574DB626572A3700358B02 /* Info.plist */ = {isa = PBXFileReference; lastKnownFileType = text.plist.xml; path = Info.plist; sourceTree = "<group>"; };
		09574DC2265C76A100358B02 /* MemoryGame.swift */ = {isa = PBXFileReference; lastKnownFileType = sourcecode.swift; path = MemoryGame.swift; sourceTree = "<group>"; };
		09574DC4265C78CA00358B02 /* EmojiMemoryGame.swift */ = {isa = PBXFileReference; lastKnownFileType = sourcecode.swift; path = EmojiMemoryGame.swift; sourceTree = "<group>"; };
		096C564726FF7E050096D858 /* Array+Identifiable.swift */ = {isa = PBXFileReference; lastKnownFileType = sourcecode.swift; path = "Array+Identifiable.swift"; sourceTree = "<group>"; };
		096C564926FF90E60096D858 /* Array+Only.swift */ = {isa = PBXFileReference; lastKnownFileType = sourcecode.swift; path = "Array+Only.swift"; sourceTree = "<group>"; };
		096C564B26FFB7260096D858 /* Pie.swift */ = {isa = PBXFileReference; lastKnownFileType = sourcecode.swift; path = Pie.swift; sourceTree = "<group>"; };
		096C564D26FFC3950096D858 /* Cardify.swift */ = {isa = PBXFileReference; lastKnownFileType = sourcecode.swift; path = Cardify.swift; sourceTree = "<group>"; };
		0973407226F95E0300BBD872 /* Grid.swift */ = {isa = PBXFileReference; lastKnownFileType = sourcecode.swift; path = Grid.swift; sourceTree = "<group>"; };
		0973407826F9715100BBD872 /* GridLayout.swift */ = {isa = PBXFileReference; fileEncoding = 4; lastKnownFileType = sourcecode.swift; path = GridLayout.swift; sourceTree = "<group>"; };
/* End PBXFileReference section */

/* Begin PBXFrameworksBuildPhase section */
		09574D9126572A3400358B02 /* Frameworks */ = {
			isa = PBXFrameworksBuildPhase;
			buildActionMask = 2147483647;
			files = (
			);
			runOnlyForDeploymentPostprocessing = 0;
		};
		09574DA226572A3700358B02 /* Frameworks */ = {
			isa = PBXFrameworksBuildPhase;
			buildActionMask = 2147483647;
			files = (
			);
			runOnlyForDeploymentPostprocessing = 0;
		};
		09574DAD26572A3700358B02 /* Frameworks */ = {
			isa = PBXFrameworksBuildPhase;
			buildActionMask = 2147483647;
			files = (
			);
			runOnlyForDeploymentPostprocessing = 0;
		};
/* End PBXFrameworksBuildPhase section */

/* Begin PBXGroup section */
		09574D8B26572A3400358B02 = {
			isa = PBXGroup;
			children = (
				09574D9626572A3400358B02 /* Memorize */,
				09574DA826572A3700358B02 /* MemorizeTests */,
				09574DB326572A3700358B02 /* MemorizeUITests */,
				09574D9526572A3400358B02 /* Products */,
			);
			sourceTree = "<group>";
		};
		09574D9526572A3400358B02 /* Products */ = {
			isa = PBXGroup;
			children = (
				09574D9426572A3400358B02 /* Memorize.app */,
				09574DA526572A3700358B02 /* MemorizeTests.xctest */,
				09574DB026572A3700358B02 /* MemorizeUITests.xctest */,
			);
			name = Products;
			sourceTree = "<group>";
		};
		09574D9626572A3400358B02 /* Memorize */ = {
			isa = PBXGroup;
			children = (
				09574D9926572A3400358B02 /* EmojiMemoryGameView.swift */,
				096C564D26FFC3950096D858 /* Cardify.swift */,
				096C564B26FFB7260096D858 /* Pie.swift */,
				09574DC4265C78CA00358B02 /* EmojiMemoryGame.swift */,
				09574DC2265C76A100358B02 /* MemoryGame.swift */,
				0973407226F95E0300BBD872 /* Grid.swift */,
				0973407826F9715100BBD872 /* GridLayout.swift */,
				096C564726FF7E050096D858 /* Array+Identifiable.swift */,
				096C564926FF90E60096D858 /* Array+Only.swift */,
				09574D9726572A3400358B02 /* MemorizeApp.swift */,
				09574D9B26572A3700358B02 /* Assets.xcassets */,
				09574DA026572A3700358B02 /* Info.plist */,
				09574D9D26572A3700358B02 /* Preview Content */,
			);
			path = Memorize;
			sourceTree = "<group>";
		};
		09574D9D26572A3700358B02 /* Preview Content */ = {
			isa = PBXGroup;
			children = (
				09574D9E26572A3700358B02 /* Preview Assets.xcassets */,
			);
			path = "Preview Content";
			sourceTree = "<group>";
		};
		09574DA826572A3700358B02 /* MemorizeTests */ = {
			isa = PBXGroup;
			children = (
				09574DA926572A3700358B02 /* MemorizeTests.swift */,
				09574DAB26572A3700358B02 /* Info.plist */,
			);
			path = MemorizeTests;
			sourceTree = "<group>";
		};
		09574DB326572A3700358B02 /* MemorizeUITests */ = {
			isa = PBXGroup;
			children = (
				09574DB426572A3700358B02 /* MemorizeUITests.swift */,
				09574DB626572A3700358B02 /* Info.plist */,
			);
			path = MemorizeUITests;
			sourceTree = "<group>";
		};
/* End PBXGroup section */

/* Begin PBXNativeTarget section */
		09574D9326572A3400358B02 /* Memorize */ = {
			isa = PBXNativeTarget;
			buildConfigurationList = 09574DB926572A3700358B02 /* Build configuration list for PBXNativeTarget "Memorize" */;
			buildPhases = (
				09574D9026572A3400358B02 /* Sources */,
				09574D9126572A3400358B02 /* Frameworks */,
				09574D9226572A3400358B02 /* Resources */,
			);
			buildRules = (
			);
			dependencies = (
			);
			name = Memorize;
			productName = Memorize;
			productReference = 09574D9426572A3400358B02 /* Memorize.app */;
			productType = "com.apple.product-type.application";
		};
		09574DA426572A3700358B02 /* MemorizeTests */ = {
			isa = PBXNativeTarget;
			buildConfigurationList = 09574DBC26572A3700358B02 /* Build configuration list for PBXNativeTarget "MemorizeTests" */;
			buildPhases = (
				09574DA126572A3700358B02 /* Sources */,
				09574DA226572A3700358B02 /* Frameworks */,
				09574DA326572A3700358B02 /* Resources */,
			);
			buildRules = (
			);
			dependencies = (
				09574DA726572A3700358B02 /* PBXTargetDependency */,
			);
			name = MemorizeTests;
			productName = MemorizeTests;
			productReference = 09574DA526572A3700358B02 /* MemorizeTests.xctest */;
			productType = "com.apple.product-type.bundle.unit-test";
		};
		09574DAF26572A3700358B02 /* MemorizeUITests */ = {
			isa = PBXNativeTarget;
			buildConfigurationList = 09574DBF26572A3700358B02 /* Build configuration list for PBXNativeTarget "MemorizeUITests" */;
			buildPhases = (
				09574DAC26572A3700358B02 /* Sources */,
				09574DAD26572A3700358B02 /* Frameworks */,
				09574DAE26572A3700358B02 /* Resources */,
			);
			buildRules = (
			);
			dependencies = (
				09574DB226572A3700358B02 /* PBXTargetDependency */,
			);
			name = MemorizeUITests;
			productName = MemorizeUITests;
			productReference = 09574DB026572A3700358B02 /* MemorizeUITests.xctest */;
			productType = "com.apple.product-type.bundle.ui-testing";
		};
/* End PBXNativeTarget section */

/* Begin PBXProject section */
		09574D8C26572A3400358B02 /* Project object */ = {
			isa = PBXProject;
			attributes = {
				LastSwiftUpdateCheck = 1250;
				LastUpgradeCheck = 1250;
				TargetAttributes = {
					09574D9326572A3400358B02 = {
						CreatedOnToolsVersion = 12.5;
					};
					09574DA426572A3700358B02 = {
						CreatedOnToolsVersion = 12.5;
						TestTargetID = 09574D9326572A3400358B02;
					};
					09574DAF26572A3700358B02 = {
						CreatedOnToolsVersion = 12.5;
						TestTargetID = 09574D9326572A3400358B02;
					};
				};
			};
			buildConfigurationList = 09574D8F26572A3400358B02 /* Build configuration list for PBXProject "Memorize" */;
			compatibilityVersion = "Xcode 9.3";
			developmentRegion = en;
			hasScannedForEncodings = 0;
			knownRegions = (
				en,
				Base,
			);
			mainGroup = 09574D8B26572A3400358B02;
			productRefGroup = 09574D9526572A3400358B02 /* Products */;
			projectDirPath = "";
			projectRoot = "";
			targets = (
				09574D9326572A3400358B02 /* Memorize */,
				09574DA426572A3700358B02 /* MemorizeTests */,
				09574DAF26572A3700358B02 /* MemorizeUITests */,
			);
		};
/* End PBXProject section */

/* Begin PBXResourcesBuildPhase section */
		09574D9226572A3400358B02 /* Resources */ = {
			isa = PBXResourcesBuildPhase;
			buildActionMask = 2147483647;
			files = (
				09574D9F26572A3700358B02 /* Preview Assets.xcassets in Resources */,
				09574D9C26572A3700358B02 /* Assets.xcassets in Resources */,
			);
			runOnlyForDeploymentPostprocessing = 0;
		};
		09574DA326572A3700358B02 /* Resources */ = {
			isa = PBXResourcesBuildPhase;
			buildActionMask = 2147483647;
			files = (
			);
			runOnlyForDeploymentPostprocessing = 0;
		};
		09574DAE26572A3700358B02 /* Resources */ = {
			isa = PBXResourcesBuildPhase;
			buildActionMask = 2147483647;
			files = (
			);
			runOnlyForDeploymentPostprocessing = 0;
		};
/* End PBXResourcesBuildPhase section */

/* Begin PBXSourcesBuildPhase section */
		09574D9026572A3400358B02 /* Sources */ = {
			isa = PBXSourcesBuildPhase;
			buildActionMask = 2147483647;
			files = (
				09574DC3265C76A100358B02 /* MemoryGame.swift in Sources */,
				09574D9A26572A3400358B02 /* EmojiMemoryGameView.swift in Sources */,
				09574D9826572A3400358B02 /* MemorizeApp.swift in Sources */,
				096C564C26FFB7260096D858 /* Pie.swift in Sources */,
				0973407926F9715100BBD872 /* GridLayout.swift in Sources */,
				0973407326F95E0300BBD872 /* Grid.swift in Sources */,
				096C564826FF7E050096D858 /* Array+Identifiable.swift in Sources */,
				09574DC5265C78CA00358B02 /* EmojiMemoryGame.swift in Sources */,
				096C564E26FFC3950096D858 /* Cardify.swift in Sources */,
				096C564A26FF90E60096D858 /* Array+Only.swift in Sources */,
			);
			runOnlyForDeploymentPostprocessing = 0;
		};
		09574DA126572A3700358B02 /* Sources */ = {
			isa = PBXSourcesBuildPhase;
			buildActionMask = 2147483647;
			files = (
				09574DAA26572A3700358B02 /* MemorizeTests.swift in Sources */,
			);
			runOnlyForDeploymentPostprocessing = 0;
		};
		09574DAC26572A3700358B02 /* Sources */ = {
			isa = PBXSourcesBuildPhase;
			buildActionMask = 2147483647;
			files = (
				09574DB526572A3700358B02 /* MemorizeUITests.swift in Sources */,
			);
			runOnlyForDeploymentPostprocessing = 0;
		};
/* End PBXSourcesBuildPhase section */

/* Begin PBXTargetDependency section */
		09574DA726572A3700358B02 /* PBXTargetDependency */ = {
			isa = PBXTargetDependency;
			target = 09574D9326572A3400358B02 /* Memorize */;
			targetProxy = 09574DA626572A3700358B02 /* PBXContainerItemProxy */;
		};
		09574DB226572A3700358B02 /* PBXTargetDependency */ = {
			isa = PBXTargetDependency;
			target = 09574D9326572A3400358B02 /* Memorize */;
			targetProxy = 09574DB126572A3700358B02 /* PBXContainerItemProxy */;
		};
/* End PBXTargetDependency section */

/* Begin XCBuildConfiguration section */
		09574DB726572A3700358B02 /* Debug */ = {
			isa = XCBuildConfiguration;
			buildSettings = {
				ALWAYS_SEARCH_USER_PATHS = NO;
				CLANG_ANALYZER_NONNULL = YES;
				CLANG_ANALYZER_NUMBER_OBJECT_CONVERSION = YES_AGGRESSIVE;
				CLANG_CXX_LANGUAGE_STANDARD = "gnu++14";
				CLANG_CXX_LIBRARY = "libc++";
				CLANG_ENABLE_MODULES = YES;
				CLANG_ENABLE_OBJC_ARC = YES;
				CLANG_ENABLE_OBJC_WEAK = YES;
				CLANG_WARN_BLOCK_CAPTURE_AUTORELEASING = YES;
				CLANG_WARN_BOOL_CONVERSION = YES;
				CLANG_WARN_COMMA = YES;
				CLANG_WARN_CONSTANT_CONVERSION = YES;
				CLANG_WARN_DEPRECATED_OBJC_IMPLEMENTATIONS = YES;
				CLANG_WARN_DIRECT_OBJC_ISA_USAGE = YES_ERROR;
				CLANG_WARN_DOCUMENTATION_COMMENTS = YES;
				CLANG_WARN_EMPTY_BODY = YES;
				CLANG_WARN_ENUM_CONVERSION = YES;
				CLANG_WARN_INFINITE_RECURSION = YES;
				CLANG_WARN_INT_CONVERSION = YES;
				CLANG_WARN_NON_LITERAL_NULL_CONVERSION = YES;
				CLANG_WARN_OBJC_IMPLICIT_RETAIN_SELF = YES;
				CLANG_WARN_OBJC_LITERAL_CONVERSION = YES;
				CLANG_WARN_OBJC_ROOT_CLASS = YES_ERROR;
				CLANG_WARN_QUOTED_INCLUDE_IN_FRAMEWORK_HEADER = YES;
				CLANG_WARN_RANGE_LOOP_ANALYSIS = YES;
				CLANG_WARN_STRICT_PROTOTYPES = YES;
				CLANG_WARN_SUSPICIOUS_MOVE = YES;
				CLANG_WARN_UNGUARDED_AVAILABILITY = YES_AGGRESSIVE;
				CLANG_WARN_UNREACHABLE_CODE = YES;
				CLANG_WARN__DUPLICATE_METHOD_MATCH = YES;
				COPY_PHASE_STRIP = NO;
				DEBUG_INFORMATION_FORMAT = dwarf;
				ENABLE_STRICT_OBJC_MSGSEND = YES;
				ENABLE_TESTABILITY = YES;
				GCC_C_LANGUAGE_STANDARD = gnu11;
				GCC_DYNAMIC_NO_PIC = NO;
				GCC_NO_COMMON_BLOCKS = YES;
				GCC_OPTIMIZATION_LEVEL = 0;
				GCC_PREPROCESSOR_DEFINITIONS = (
					"DEBUG=1",
					"$(inherited)",
				);
				GCC_WARN_64_TO_32_BIT_CONVERSION = YES;
				GCC_WARN_ABOUT_RETURN_TYPE = YES_ERROR;
				GCC_WARN_UNDECLARED_SELECTOR = YES;
				GCC_WARN_UNINITIALIZED_AUTOS = YES_AGGRESSIVE;
				GCC_WARN_UNUSED_FUNCTION = YES;
				GCC_WARN_UNUSED_VARIABLE = YES;
				IPHONEOS_DEPLOYMENT_TARGET = 14.5;
				MTL_ENABLE_DEBUG_INFO = INCLUDE_SOURCE;
				MTL_FAST_MATH = YES;
				ONLY_ACTIVE_ARCH = YES;
				SDKROOT = iphoneos;
				SWIFT_ACTIVE_COMPILATION_CONDITIONS = DEBUG;
				SWIFT_OPTIMIZATION_LEVEL = "-Onone";
			};
			name = Debug;
		};
		09574DB826572A3700358B02 /* Release */ = {
			isa = XCBuildConfiguration;
			buildSettings = {
				ALWAYS_SEARCH_USER_PATHS = NO;
				CLANG_ANALYZER_NONNULL = YES;
				CLANG_ANALYZER_NUMBER_OBJECT_CONVERSION = YES_AGGRESSIVE;
				CLANG_CXX_LANGUAGE_STANDARD = "gnu++14";
				CLANG_CXX_LIBRARY = "libc++";
				CLANG_ENABLE_MODULES = YES;
				CLANG_ENABLE_OBJC_ARC = YES;
				CLANG_ENABLE_OBJC_WEAK = YES;
				CLANG_WARN_BLOCK_CAPTURE_AUTORELEASING = YES;
				CLANG_WARN_BOOL_CONVERSION = YES;
				CLANG_WARN_COMMA = YES;
				CLANG_WARN_CONSTANT_CONVERSION = YES;
				CLANG_WARN_DEPRECATED_OBJC_IMPLEMENTATIONS = YES;
				CLANG_WARN_DIRECT_OBJC_ISA_USAGE = YES_ERROR;
				CLANG_WARN_DOCUMENTATION_COMMENTS = YES;
				CLANG_WARN_EMPTY_BODY = YES;
				CLANG_WARN_ENUM_CONVERSION = YES;
				CLANG_WARN_INFINITE_RECURSION = YES;
				CLANG_WARN_INT_CONVERSION = YES;
				CLANG_WARN_NON_LITERAL_NULL_CONVERSION = YES;
				CLANG_WARN_OBJC_IMPLICIT_RETAIN_SELF = YES;
				CLANG_WARN_OBJC_LITERAL_CONVERSION = YES;
				CLANG_WARN_OBJC_ROOT_CLASS = YES_ERROR;
				CLANG_WARN_QUOTED_INCLUDE_IN_FRAMEWORK_HEADER = YES;
				CLANG_WARN_RANGE_LOOP_ANALYSIS = YES;
				CLANG_WARN_STRICT_PROTOTYPES = YES;
				CLANG_WARN_SUSPICIOUS_MOVE = YES;
				CLANG_WARN_UNGUARDED_AVAILABILITY = YES_AGGRESSIVE;
				CLANG_WARN_UNREACHABLE_CODE = YES;
				CLANG_WARN__DUPLICATE_METHOD_MATCH = YES;
				COPY_PHASE_STRIP = NO;
				DEBUG_INFORMATION_FORMAT = "dwarf-with-dsym";
				ENABLE_NS_ASSERTIONS = NO;
				ENABLE_STRICT_OBJC_MSGSEND = YES;
				GCC_C_LANGUAGE_STANDARD = gnu11;
				GCC_NO_COMMON_BLOCKS = YES;
				GCC_WARN_64_TO_32_BIT_CONVERSION = YES;
				GCC_WARN_ABOUT_RETURN_TYPE = YES_ERROR;
				GCC_WARN_UNDECLARED_SELECTOR = YES;
				GCC_WARN_UNINITIALIZED_AUTOS = YES_AGGRESSIVE;
				GCC_WARN_UNUSED_FUNCTION = YES;
				GCC_WARN_UNUSED_VARIABLE = YES;
				IPHONEOS_DEPLOYMENT_TARGET = 14.5;
				MTL_ENABLE_DEBUG_INFO = NO;
				MTL_FAST_MATH = YES;
				SDKROOT = iphoneos;
				SWIFT_COMPILATION_MODE = wholemodule;
				SWIFT_OPTIMIZATION_LEVEL = "-O";
				VALIDATE_PRODUCT = YES;
			};
			name = Release;
		};
		09574DBA26572A3700358B02 /* Debug */ = {
			isa = XCBuildConfiguration;
			buildSettings = {
				ASSETCATALOG_COMPILER_APPICON_NAME = AppIcon;
				ASSETCATALOG_COMPILER_GLOBAL_ACCENT_COLOR_NAME = AccentColor;
				CODE_SIGN_STYLE = Automatic;
				DEVELOPMENT_ASSET_PATHS = "\"Memorize/Preview Content\"";
				DEVELOPMENT_TEAM = MKULWUDD5G;
				ENABLE_PREVIEWS = YES;
				INFOPLIST_FILE = Memorize/Info.plist;
				IPHONEOS_DEPLOYMENT_TARGET = 14.0;
				LD_RUNPATH_SEARCH_PATHS = (
					"$(inherited)",
					"@executable_path/Frameworks",
				);
				PRODUCT_BUNDLE_IDENTIFIER = "CS193p-Instructor.Memorize";
				PRODUCT_NAME = "$(TARGET_NAME)";
				SWIFT_VERSION = 5.0;
				TARGETED_DEVICE_FAMILY = "1,2";
			};
			name = Debug;
		};
		09574DBB26572A3700358B02 /* Release */ = {
			isa = XCBuildConfiguration;
			buildSettings = {
				ASSETCATALOG_COMPILER_APPICON_NAME = AppIcon;
				ASSETCATALOG_COMPILER_GLOBAL_ACCENT_COLOR_NAME = AccentColor;
				CODE_SIGN_STYLE = Automatic;
				DEVELOPMENT_ASSET_PATHS = "\"Memorize/Preview Content\"";
				DEVELOPMENT_TEAM = MKULWUDD5G;
				ENABLE_PREVIEWS = YES;
				INFOPLIST_FILE = Memorize/Info.plist;
				IPHONEOS_DEPLOYMENT_TARGET = 14.0;
				LD_RUNPATH_SEARCH_PATHS = (
					"$(inherited)",
					"@executable_path/Frameworks",
				);
				PRODUCT_BUNDLE_IDENTIFIER = "CS193p-Instructor.Memorize";
				PRODUCT_NAME = "$(TARGET_NAME)";
				SWIFT_VERSION = 5.0;
				TARGETED_DEVICE_FAMILY = "1,2";
			};
			name = Release;
		};
		09574DBD26572A3700358B02 /* Debug */ = {
			isa = XCBuildConfiguration;
			buildSettings = {
				ALWAYS_EMBED_SWIFT_STANDARD_LIBRARIES = YES;
				BUNDLE_LOADER = "$(TEST_HOST)";
				CODE_SIGN_STYLE = Automatic;
				INFOPLIST_FILE = MemorizeTests/Info.plist;
				IPHONEOS_DEPLOYMENT_TARGET = 14.0;
				LD_RUNPATH_SEARCH_PATHS = (
					"$(inherited)",
					"@executable_path/Frameworks",
					"@loader_path/Frameworks",
				);
				PRODUCT_BUNDLE_IDENTIFIER = "CS193p-Instructor.MemorizeTests";
				PRODUCT_NAME = "$(TARGET_NAME)";
				SWIFT_VERSION = 5.0;
				TARGETED_DEVICE_FAMILY = "1,2";
				TEST_HOST = "$(BUILT_PRODUCTS_DIR)/Memorize.app/Memorize";
			};
			name = Debug;
		};
		09574DBE26572A3700358B02 /* Release */ = {
			isa = XCBuildConfiguration;
			buildSettings = {
				ALWAYS_EMBED_SWIFT_STANDARD_LIBRARIES = YES;
				BUNDLE_LOADER = "$(TEST_HOST)";
				CODE_SIGN_STYLE = Automatic;
				INFOPLIST_FILE = MemorizeTests/Info.plist;
				IPHONEOS_DEPLOYMENT_TARGET = 14.0;
				LD_RUNPATH_SEARCH_PATHS = (
					"$(inherited)",
					"@executable_path/Frameworks",
					"@loader_path/Frameworks",
				);
				PRODUCT_BUNDLE_IDENTIFIER = "CS193p-Instructor.MemorizeTests";
				PRODUCT_NAME = "$(TARGET_NAME)";
				SWIFT_VERSION = 5.0;
				TARGETED_DEVICE_FAMILY = "1,2";
				TEST_HOST = "$(BUILT_PRODUCTS_DIR)/Memorize.app/Memorize";
			};
			name = Release;
		};
		09574DC026572A3700358B02 /* Debug */ = {
			isa = XCBuildConfiguration;
			buildSettings = {
				ALWAYS_EMBED_SWIFT_STANDARD_LIBRARIES = YES;
				CODE_SIGN_STYLE = Automatic;
				INFOPLIST_FILE = MemorizeUITests/Info.plist;
				LD_RUNPATH_SEARCH_PATHS = (
					"$(inherited)",
					"@executable_path/Frameworks",
					"@loader_path/Frameworks",
				);
				PRODUCT_BUNDLE_IDENTIFIER = "CS193p-Instructor.MemorizeUITests";
				PRODUCT_NAME = "$(TARGET_NAME)";
				SWIFT_VERSION = 5.0;
				TARGETED_DEVICE_FAMILY = "1,2";
				TEST_TARGET_NAME = Memorize;
			};
			name = Debug;
		};
		09574DC126572A3700358B02 /* Release */ = {
			isa = XCBuildConfiguration;
			buildSettings = {
				ALWAYS_EMBED_SWIFT_STANDARD_LIBRARIES = YES;
				CODE_SIGN_STYLE = Automatic;
				INFOPLIST_FILE = MemorizeUITests/Info.plist;
				LD_RUNPATH_SEARCH_PATHS = (
					"$(inherited)",
					"@executable_path/Frameworks",
					"@loader_path/Frameworks",
				);
				PRODUCT_BUNDLE_IDENTIFIER = "CS193p-Instructor.MemorizeUITests";
				PRODUCT_NAME = "$(TARGET_NAME)";
				SWIFT_VERSION = 5.0;
				TARGETED_DEVICE_FAMILY = "1,2";
				TEST_TARGET_NAME = Memorize;
			};
			name = Release;
		};
/* End XCBuildConfiguration section */

/* Begin XCConfigurationList section */
		09574D8F26572A3400358B02 /* Build configuration list for PBXProject "Memorize" */ = {
			isa = XCConfigurationList;
			buildConfigurations = (
				09574DB726572A3700358B02 /* Debug */,
				09574DB826572A3700358B02 /* Release */,
			);
			defaultConfigurationIsVisible = 0;
			defaultConfigurationName = Release;
		};
		09574DB926572A3700358B02 /* Build configuration list for PBXNativeTarget "Memorize" */ = {
			isa = XCConfigurationList;
			buildConfigurations = (
				09574DBA26572A3700358B02 /* Debug */,
				09574DBB26572A3700358B02 /* Release */,
			);
			defaultConfigurationIsVisible = 0;
			defaultConfigurationName = Release;
		};
		09574DBC26572A3700358B02 /* Build configuration list for PBXNativeTarget "MemorizeTests" */ = {
			isa = XCConfigurationList;
			buildConfigurations = (
				09574DBD26572A3700358B02 /* Debug */,
				09574DBE26572A3700358B02 /* Release */,
			);
			defaultConfigurationIsVisible = 0;
			defaultConfigurationName = Release;
		};
		09574DBF26572A3700358B02 /* Build configuration list for PBXNativeTarget "MemorizeUITests" */ = {
			isa = XCConfigurationList;
			buildConfigurations = (
				09574DC026572A3700358B02 /* Debug */,
				09574DC126572A3700358B02 /* Release */,
			);
			defaultConfigurationIsVisible = 0;
			defaultConfigurationName = Release;
		};
/* End XCConfigurationList section */
	};
	rootObject = 09574D8C26572A3400358B02 /* Project object */;
}
